// !$*UTF8*$!
{
	archiveVersion = 1;
	classes = {
	};
	objectVersion = 46;
	objects = {

/* Begin PBXBuildFile section */
		6A052D2EB8822C5E5FE9FA0E /* Pods_iPromoz.framework in Frameworks */ = {isa = PBXBuildFile; fileRef = 0099C6EA90FF9869C3929B5B /* Pods_iPromoz.framework */; };
		BF8F43EC16B16D9CFC25167E /* PZTemplateGeneratorPresenter.swift in Sources */ = {isa = PBXBuildFile; fileRef = BF8F4435B07B7C7243C72FC7 /* PZTemplateGeneratorPresenter.swift */; };
		BF8F4A881B3228B11BA8478F /* PZTemplateGeneratorModel.swift in Sources */ = {isa = PBXBuildFile; fileRef = BF8F4FFF2EE51B19F7EA6FCB /* PZTemplateGeneratorModel.swift */; };
		BF8F4C65C214165E1BAF7FB5 /* PZTemplateGeneratorModule.swift in Sources */ = {isa = PBXBuildFile; fileRef = BF8F40F1F39AF1E9B0458CEA /* PZTemplateGeneratorModule.swift */; };
		EF04B4621EA5600000F635C6 /* PZTemplateViewDelegate.swift in Sources */ = {isa = PBXBuildFile; fileRef = EF04B4611EA5600000F635C6 /* PZTemplateViewDelegate.swift */; };
		EF1A08B020560511008E630D /* PZCodeScrollViewDelegate.swift in Sources */ = {isa = PBXBuildFile; fileRef = EF1A08AF20560511008E630D /* PZCodeScrollViewDelegate.swift */; };
		EF3DEB311E55DB1C00F40D8D /* PZTemplateLabel.swift in Sources */ = {isa = PBXBuildFile; fileRef = EF3DEB301E55DB1C00F40D8D /* PZTemplateLabel.swift */; };
		EF57BBEA1F368EC700AF0351 /* PZCsvReader.swift in Sources */ = {isa = PBXBuildFile; fileRef = EF57BBE91F368EC700AF0351 /* PZCsvReader.swift */; };
		EF792F8A20CE7A8C0089DF9A /* PZImageGenerator.swift in Sources */ = {isa = PBXBuildFile; fileRef = EF792F8920CE7A8C0089DF9A /* PZImageGenerator.swift */; };
		EF89CDD11E4A853D00D87365 /* AppDelegate.swift in Sources */ = {isa = PBXBuildFile; fileRef = EF89CDD01E4A853D00D87365 /* AppDelegate.swift */; };
		EF89CDD31E4A853D00D87365 /* ViewController.swift in Sources */ = {isa = PBXBuildFile; fileRef = EF89CDD21E4A853D00D87365 /* ViewController.swift */; };
		EF89CDD51E4A853D00D87365 /* Assets.xcassets in Resources */ = {isa = PBXBuildFile; fileRef = EF89CDD41E4A853D00D87365 /* Assets.xcassets */; };
		EF89CDD81E4A853D00D87365 /* Main.storyboard in Resources */ = {isa = PBXBuildFile; fileRef = EF89CDD61E4A853D00D87365 /* Main.storyboard */; };
		EF89CDE31E4A853D00D87365 /* iPromozTests.swift in Sources */ = {isa = PBXBuildFile; fileRef = EF89CDE21E4A853D00D87365 /* iPromozTests.swift */; };
		EF89CDF01E4A8C2C00D87365 /* PZTemplateView.swift in Sources */ = {isa = PBXBuildFile; fileRef = EF89CDEF1E4A8C2B00D87365 /* PZTemplateView.swift */; };
		EF89CDF21E4A979600D87365 /* PZTemplateViewController.swift in Sources */ = {isa = PBXBuildFile; fileRef = EF89CDF11E4A979600D87365 /* PZTemplateViewController.swift */; };
		EFB3E6561F2221EB00542B35 /* PZCodeScrollView.swift in Sources */ = {isa = PBXBuildFile; fileRef = EFB3E6551F2221EB00542B35 /* PZCodeScrollView.swift */; };
/* End PBXBuildFile section */

/* Begin PBXContainerItemProxy section */
		EF89CDDF1E4A853D00D87365 /* PBXContainerItemProxy */ = {
			isa = PBXContainerItemProxy;
			containerPortal = EF89CDC51E4A853D00D87365 /* Project object */;
			proxyType = 1;
			remoteGlobalIDString = EF89CDCC1E4A853D00D87365;
			remoteInfo = iPromoz;
		};
/* End PBXContainerItemProxy section */

/* Begin PBXFileReference section */
		0099C6EA90FF9869C3929B5B /* Pods_iPromoz.framework */ = {isa = PBXFileReference; explicitFileType = wrapper.framework; includeInIndex = 0; path = Pods_iPromoz.framework; sourceTree = BUILT_PRODUCTS_DIR; };
		182D8173BCF27CA8C711C2CF /* Pods-iPromoz.release.xcconfig */ = {isa = PBXFileReference; includeInIndex = 1; lastKnownFileType = text.xcconfig; name = "Pods-iPromoz.release.xcconfig"; path = "Pods/Target Support Files/Pods-iPromoz/Pods-iPromoz.release.xcconfig"; sourceTree = "<group>"; };
		19092C2F28F897263B138CCB /* Pods-iPromoz.debug.xcconfig */ = {isa = PBXFileReference; includeInIndex = 1; lastKnownFileType = text.xcconfig; name = "Pods-iPromoz.debug.xcconfig"; path = "Pods/Target Support Files/Pods-iPromoz/Pods-iPromoz.debug.xcconfig"; sourceTree = "<group>"; };
		BF8F40F1F39AF1E9B0458CEA /* PZTemplateGeneratorModule.swift */ = {isa = PBXFileReference; fileEncoding = 4; lastKnownFileType = sourcecode.swift; path = PZTemplateGeneratorModule.swift; sourceTree = "<group>"; };
		BF8F4435B07B7C7243C72FC7 /* PZTemplateGeneratorPresenter.swift */ = {isa = PBXFileReference; fileEncoding = 4; lastKnownFileType = sourcecode.swift; path = PZTemplateGeneratorPresenter.swift; sourceTree = "<group>"; };
		BF8F4FFF2EE51B19F7EA6FCB /* PZTemplateGeneratorModel.swift */ = {isa = PBXFileReference; fileEncoding = 4; lastKnownFileType = sourcecode.swift; path = PZTemplateGeneratorModel.swift; sourceTree = "<group>"; };
		EF04B4611EA5600000F635C6 /* PZTemplateViewDelegate.swift */ = {isa = PBXFileReference; fileEncoding = 4; lastKnownFileType = sourcecode.swift; path = PZTemplateViewDelegate.swift; sourceTree = "<group>"; };
		EF1A08AF20560511008E630D /* PZCodeScrollViewDelegate.swift */ = {isa = PBXFileReference; lastKnownFileType = sourcecode.swift; path = PZCodeScrollViewDelegate.swift; sourceTree = "<group>"; };
		EF3DEB301E55DB1C00F40D8D /* PZTemplateLabel.swift */ = {isa = PBXFileReference; fileEncoding = 4; lastKnownFileType = sourcecode.swift; path = PZTemplateLabel.swift; sourceTree = "<group>"; };
		EF57BBE91F368EC700AF0351 /* PZCsvReader.swift */ = {isa = PBXFileReference; fileEncoding = 4; lastKnownFileType = sourcecode.swift; path = PZCsvReader.swift; sourceTree = "<group>"; };
		EF792F8920CE7A8C0089DF9A /* PZImageGenerator.swift */ = {isa = PBXFileReference; lastKnownFileType = sourcecode.swift; path = PZImageGenerator.swift; sourceTree = "<group>"; };
		EF89CDCD1E4A853D00D87365 /* iPromoz.app */ = {isa = PBXFileReference; explicitFileType = wrapper.application; includeInIndex = 0; path = iPromoz.app; sourceTree = BUILT_PRODUCTS_DIR; };
		EF89CDD01E4A853D00D87365 /* AppDelegate.swift */ = {isa = PBXFileReference; lastKnownFileType = sourcecode.swift; path = AppDelegate.swift; sourceTree = "<group>"; };
		EF89CDD21E4A853D00D87365 /* ViewController.swift */ = {isa = PBXFileReference; lastKnownFileType = sourcecode.swift; path = ViewController.swift; sourceTree = "<group>"; };
		EF89CDD41E4A853D00D87365 /* Assets.xcassets */ = {isa = PBXFileReference; lastKnownFileType = folder.assetcatalog; path = Assets.xcassets; sourceTree = "<group>"; };
		EF89CDD71E4A853D00D87365 /* Base */ = {isa = PBXFileReference; lastKnownFileType = file.storyboard; name = Base; path = Base.lproj/Main.storyboard; sourceTree = "<group>"; };
		EF89CDD91E4A853D00D87365 /* Info.plist */ = {isa = PBXFileReference; lastKnownFileType = text.plist.xml; path = Info.plist; sourceTree = "<group>"; };
		EF89CDDE1E4A853D00D87365 /* iPromozTests.xctest */ = {isa = PBXFileReference; explicitFileType = wrapper.cfbundle; includeInIndex = 0; path = iPromozTests.xctest; sourceTree = BUILT_PRODUCTS_DIR; };
		EF89CDE21E4A853D00D87365 /* iPromozTests.swift */ = {isa = PBXFileReference; lastKnownFileType = sourcecode.swift; path = iPromozTests.swift; sourceTree = "<group>"; };
		EF89CDE41E4A853D00D87365 /* Info.plist */ = {isa = PBXFileReference; lastKnownFileType = text.plist.xml; path = Info.plist; sourceTree = "<group>"; };
		EF89CDEF1E4A8C2B00D87365 /* PZTemplateView.swift */ = {isa = PBXFileReference; fileEncoding = 4; lastKnownFileType = sourcecode.swift; path = PZTemplateView.swift; sourceTree = "<group>"; };
		EF89CDF11E4A979600D87365 /* PZTemplateViewController.swift */ = {isa = PBXFileReference; fileEncoding = 4; lastKnownFileType = sourcecode.swift; path = PZTemplateViewController.swift; sourceTree = "<group>"; };
		EFB3E6551F2221EB00542B35 /* PZCodeScrollView.swift */ = {isa = PBXFileReference; fileEncoding = 4; lastKnownFileType = sourcecode.swift; path = PZCodeScrollView.swift; sourceTree = "<group>"; };
/* End PBXFileReference section */

/* Begin PBXFrameworksBuildPhase section */
		EF89CDCA1E4A853D00D87365 /* Frameworks */ = {
			isa = PBXFrameworksBuildPhase;
			buildActionMask = 2147483647;
			files = (
				6A052D2EB8822C5E5FE9FA0E /* Pods_iPromoz.framework in Frameworks */,
			);
			runOnlyForDeploymentPostprocessing = 0;
		};
		EF89CDDB1E4A853D00D87365 /* Frameworks */ = {
			isa = PBXFrameworksBuildPhase;
			buildActionMask = 2147483647;
			files = (
			);
			runOnlyForDeploymentPostprocessing = 0;
		};
/* End PBXFrameworksBuildPhase section */

/* Begin PBXGroup section */
		1CE2E12A086AF78593A41019 /* Frameworks */ = {
			isa = PBXGroup;
			children = (
				0099C6EA90FF9869C3929B5B /* Pods_iPromoz.framework */,
			);
			name = Frameworks;
			sourceTree = "<group>";
		};
		BF8F42C335FBBDA177660992 /* TemplateGeneratorModule */ = {
			isa = PBXGroup;
			children = (
				BF8F40F1F39AF1E9B0458CEA /* PZTemplateGeneratorModule.swift */,
				BF8F4435B07B7C7243C72FC7 /* PZTemplateGeneratorPresenter.swift */,
				BF8F4FFF2EE51B19F7EA6FCB /* PZTemplateGeneratorModel.swift */,
			);
			path = TemplateGeneratorModule;
			sourceTree = "<group>";
		};
		EF89CDC41E4A853D00D87365 = {
			isa = PBXGroup;
			children = (
				EF89CDCF1E4A853D00D87365 /* iPromoz */,
				EF89CDE11E4A853D00D87365 /* iPromozTests */,
				EF89CDCE1E4A853D00D87365 /* Products */,
				F873BA42F7C2A7552387EFE2 /* Pods */,
				1CE2E12A086AF78593A41019 /* Frameworks */,
			);
			sourceTree = "<group>";
		};
		EF89CDCE1E4A853D00D87365 /* Products */ = {
			isa = PBXGroup;
			children = (
				EF89CDCD1E4A853D00D87365 /* iPromoz.app */,
				EF89CDDE1E4A853D00D87365 /* iPromozTests.xctest */,
			);
			name = Products;
			sourceTree = "<group>";
		};
		EF89CDCF1E4A853D00D87365 /* iPromoz */ = {
			isa = PBXGroup;
			children = (
				EF89CDD01E4A853D00D87365 /* AppDelegate.swift */,
				EF89CDD21E4A853D00D87365 /* ViewController.swift */,
				EF89CDD41E4A853D00D87365 /* Assets.xcassets */,
				EF89CDD61E4A853D00D87365 /* Main.storyboard */,
				EF89CDD91E4A853D00D87365 /* Info.plist */,
				EF89CDEF1E4A8C2B00D87365 /* PZTemplateView.swift */,
				EF89CDF11E4A979600D87365 /* PZTemplateViewController.swift */,
				EF3DEB301E55DB1C00F40D8D /* PZTemplateLabel.swift */,
				EF04B4611EA5600000F635C6 /* PZTemplateViewDelegate.swift */,
				EFB3E6551F2221EB00542B35 /* PZCodeScrollView.swift */,
				EF57BBE91F368EC700AF0351 /* PZCsvReader.swift */,
				EF1A08AF20560511008E630D /* PZCodeScrollViewDelegate.swift */,
				EF792F8920CE7A8C0089DF9A /* PZImageGenerator.swift */,
				BF8F42C335FBBDA177660992 /* TemplateGeneratorModule */,
			);
			path = iPromoz;
			sourceTree = "<group>";
		};
		EF89CDE11E4A853D00D87365 /* iPromozTests */ = {
			isa = PBXGroup;
			children = (
				EF89CDE21E4A853D00D87365 /* iPromozTests.swift */,
				EF89CDE41E4A853D00D87365 /* Info.plist */,
			);
			path = iPromozTests;
			sourceTree = "<group>";
		};
		F873BA42F7C2A7552387EFE2 /* Pods */ = {
			isa = PBXGroup;
			children = (
				19092C2F28F897263B138CCB /* Pods-iPromoz.debug.xcconfig */,
				182D8173BCF27CA8C711C2CF /* Pods-iPromoz.release.xcconfig */,
			);
			name = Pods;
			sourceTree = "<group>";
		};
/* End PBXGroup section */

/* Begin PBXNativeTarget section */
		EF89CDCC1E4A853D00D87365 /* iPromoz */ = {
			isa = PBXNativeTarget;
			buildConfigurationList = EF89CDE71E4A853D00D87365 /* Build configuration list for PBXNativeTarget "iPromoz" */;
			buildPhases = (
				BDC2B43FB18548F07FE8DBA1 /* [CP] Check Pods Manifest.lock */,
				EF89CDC91E4A853D00D87365 /* Sources */,
				EF89CDCA1E4A853D00D87365 /* Frameworks */,
				EF89CDCB1E4A853D00D87365 /* Resources */,
				26F1DDC92B8CD032230781B4 /* [CP] Embed Pods Frameworks */,
			);
			buildRules = (
			);
			dependencies = (
			);
			name = iPromoz;
			productName = iPromoz;
			productReference = EF89CDCD1E4A853D00D87365 /* iPromoz.app */;
			productType = "com.apple.product-type.application";
		};
		EF89CDDD1E4A853D00D87365 /* iPromozTests */ = {
			isa = PBXNativeTarget;
			buildConfigurationList = EF89CDEA1E4A853D00D87365 /* Build configuration list for PBXNativeTarget "iPromozTests" */;
			buildPhases = (
				EF89CDDA1E4A853D00D87365 /* Sources */,
				EF89CDDB1E4A853D00D87365 /* Frameworks */,
				EF89CDDC1E4A853D00D87365 /* Resources */,
			);
			buildRules = (
			);
			dependencies = (
				EF89CDE01E4A853D00D87365 /* PBXTargetDependency */,
			);
			name = iPromozTests;
			productName = iPromozTests;
			productReference = EF89CDDE1E4A853D00D87365 /* iPromozTests.xctest */;
			productType = "com.apple.product-type.bundle.unit-test";
		};
/* End PBXNativeTarget section */

/* Begin PBXProject section */
		EF89CDC51E4A853D00D87365 /* Project object */ = {
			isa = PBXProject;
			attributes = {
				LastSwiftUpdateCheck = 0820;
				LastUpgradeCheck = 0940;
				ORGANIZATIONNAME = "Denis Engels";
				TargetAttributes = {
					EF89CDCC1E4A853D00D87365 = {
						CreatedOnToolsVersion = 8.2.1;
						DevelopmentTeam = 9JYSF3CQXK;
						LastSwiftMigration = 0940;
						ProvisioningStyle = Automatic;
					};
					EF89CDDD1E4A853D00D87365 = {
						CreatedOnToolsVersion = 8.2.1;
						LastSwiftMigration = 0940;
						ProvisioningStyle = Automatic;
						TestTargetID = EF89CDCC1E4A853D00D87365;
					};
				};
			};
			buildConfigurationList = EF89CDC81E4A853D00D87365 /* Build configuration list for PBXProject "iPromoz" */;
			compatibilityVersion = "Xcode 3.2";
			developmentRegion = English;
			hasScannedForEncodings = 0;
			knownRegions = (
				en,
				Base,
			);
			mainGroup = EF89CDC41E4A853D00D87365;
			productRefGroup = EF89CDCE1E4A853D00D87365 /* Products */;
			projectDirPath = "";
			projectRoot = "";
			targets = (
				EF89CDCC1E4A853D00D87365 /* iPromoz */,
				EF89CDDD1E4A853D00D87365 /* iPromozTests */,
			);
		};
/* End PBXProject section */

/* Begin PBXResourcesBuildPhase section */
		EF89CDCB1E4A853D00D87365 /* Resources */ = {
			isa = PBXResourcesBuildPhase;
			buildActionMask = 2147483647;
			files = (
				EF89CDD51E4A853D00D87365 /* Assets.xcassets in Resources */,
				EF89CDD81E4A853D00D87365 /* Main.storyboard in Resources */,
			);
			runOnlyForDeploymentPostprocessing = 0;
		};
		EF89CDDC1E4A853D00D87365 /* Resources */ = {
			isa = PBXResourcesBuildPhase;
			buildActionMask = 2147483647;
			files = (
			);
			runOnlyForDeploymentPostprocessing = 0;
		};
/* End PBXResourcesBuildPhase section */

/* Begin PBXShellScriptBuildPhase section */
		26F1DDC92B8CD032230781B4 /* [CP] Embed Pods Frameworks */ = {
			isa = PBXShellScriptBuildPhase;
			buildActionMask = 2147483647;
			files = (
			);
			inputPaths = (
				"${PODS_ROOT}/Target Support Files/Pods-iPromoz/Pods-iPromoz-frameworks.sh",
				"${BUILT_PRODUCTS_DIR}/CSwiftV/CSwiftV.framework",
			);
			name = "[CP] Embed Pods Frameworks";
			outputPaths = (
				"${TARGET_BUILD_DIR}/${FRAMEWORKS_FOLDER_PATH}/CSwiftV.framework",
			);
			runOnlyForDeploymentPostprocessing = 0;
			shellPath = /bin/sh;
			shellScript = "\"${PODS_ROOT}/Target Support Files/Pods-iPromoz/Pods-iPromoz-frameworks.sh\"\n";
			showEnvVarsInLog = 0;
		};
		BDC2B43FB18548F07FE8DBA1 /* [CP] Check Pods Manifest.lock */ = {
			isa = PBXShellScriptBuildPhase;
			buildActionMask = 2147483647;
			files = (
			);
			inputPaths = (
				"${PODS_PODFILE_DIR_PATH}/Podfile.lock",
				"${PODS_ROOT}/Manifest.lock",
			);
			name = "[CP] Check Pods Manifest.lock";
			outputPaths = (
				"$(DERIVED_FILE_DIR)/Pods-iPromoz-checkManifestLockResult.txt",
			);
			runOnlyForDeploymentPostprocessing = 0;
			shellPath = /bin/sh;
			shellScript = "diff \"${PODS_PODFILE_DIR_PATH}/Podfile.lock\" \"${PODS_ROOT}/Manifest.lock\" > /dev/null\nif [ $? != 0 ] ; then\n    # print error to STDERR\n    echo \"error: The sandbox is not in sync with the Podfile.lock. Run 'pod install' or update your CocoaPods installation.\" >&2\n    exit 1\nfi\n# This output is used by Xcode 'outputs' to avoid re-running this script phase.\necho \"SUCCESS\" > \"${SCRIPT_OUTPUT_FILE_0}\"\n";
			showEnvVarsInLog = 0;
		};
/* End PBXShellScriptBuildPhase section */

/* Begin PBXSourcesBuildPhase section */
		EF89CDC91E4A853D00D87365 /* Sources */ = {
			isa = PBXSourcesBuildPhase;
			buildActionMask = 2147483647;
			files = (
				EF89CDF01E4A8C2C00D87365 /* PZTemplateView.swift in Sources */,
				EF89CDD31E4A853D00D87365 /* ViewController.swift in Sources */,
				EF89CDF21E4A979600D87365 /* PZTemplateViewController.swift in Sources */,
				EF1A08B020560511008E630D /* PZCodeScrollViewDelegate.swift in Sources */,
				EF89CDD11E4A853D00D87365 /* AppDelegate.swift in Sources */,
				EFB3E6561F2221EB00542B35 /* PZCodeScrollView.swift in Sources */,
				EF57BBEA1F368EC700AF0351 /* PZCsvReader.swift in Sources */,
				EF792F8A20CE7A8C0089DF9A /* PZImageGenerator.swift in Sources */,
				EF3DEB311E55DB1C00F40D8D /* PZTemplateLabel.swift in Sources */,
				EF04B4621EA5600000F635C6 /* PZTemplateViewDelegate.swift in Sources */,
				BF8F4C65C214165E1BAF7FB5 /* PZTemplateGeneratorModule.swift in Sources */,
				BF8F43EC16B16D9CFC25167E /* PZTemplateGeneratorPresenter.swift in Sources */,
				BF8F4A881B3228B11BA8478F /* PZTemplateGeneratorModel.swift in Sources */,
			);
			runOnlyForDeploymentPostprocessing = 0;
		};
		EF89CDDA1E4A853D00D87365 /* Sources */ = {
			isa = PBXSourcesBuildPhase;
			buildActionMask = 2147483647;
			files = (
				EF89CDE31E4A853D00D87365 /* iPromozTests.swift in Sources */,
			);
			runOnlyForDeploymentPostprocessing = 0;
		};
/* End PBXSourcesBuildPhase section */

/* Begin PBXTargetDependency section */
		EF89CDE01E4A853D00D87365 /* PBXTargetDependency */ = {
			isa = PBXTargetDependency;
			target = EF89CDCC1E4A853D00D87365 /* iPromoz */;
			targetProxy = EF89CDDF1E4A853D00D87365 /* PBXContainerItemProxy */;
		};
/* End PBXTargetDependency section */

/* Begin PBXVariantGroup section */
		EF89CDD61E4A853D00D87365 /* Main.storyboard */ = {
			isa = PBXVariantGroup;
			children = (
				EF89CDD71E4A853D00D87365 /* Base */,
			);
			name = Main.storyboard;
			sourceTree = "<group>";
		};
/* End PBXVariantGroup section */

/* Begin XCBuildConfiguration section */
		EF89CDE51E4A853D00D87365 /* Debug */ = {
			isa = XCBuildConfiguration;
			buildSettings = {
				ALWAYS_SEARCH_USER_PATHS = NO;
				CLANG_ANALYZER_NONNULL = YES;
				CLANG_CXX_LANGUAGE_STANDARD = "gnu++0x";
				CLANG_CXX_LIBRARY = "libc++";
				CLANG_ENABLE_MODULES = YES;
				CLANG_ENABLE_OBJC_ARC = YES;
				CLANG_WARN_BLOCK_CAPTURE_AUTORELEASING = YES;
				CLANG_WARN_BOOL_CONVERSION = YES;
				CLANG_WARN_COMMA = YES;
				CLANG_WARN_CONSTANT_CONVERSION = YES;
				CLANG_WARN_DEPRECATED_OBJC_IMPLEMENTATIONS = YES;
				CLANG_WARN_DIRECT_OBJC_ISA_USAGE = YES_ERROR;
				CLANG_WARN_DOCUMENTATION_COMMENTS = YES;
				CLANG_WARN_EMPTY_BODY = YES;
				CLANG_WARN_ENUM_CONVERSION = YES;
				CLANG_WARN_INFINITE_RECURSION = YES;
				CLANG_WARN_INT_CONVERSION = YES;
				CLANG_WARN_NON_LITERAL_NULL_CONVERSION = YES;
				CLANG_WARN_OBJC_IMPLICIT_RETAIN_SELF = YES;
				CLANG_WARN_OBJC_LITERAL_CONVERSION = YES;
				CLANG_WARN_OBJC_ROOT_CLASS = YES_ERROR;
				CLANG_WARN_RANGE_LOOP_ANALYSIS = YES;
				CLANG_WARN_STRICT_PROTOTYPES = YES;
				CLANG_WARN_SUSPICIOUS_MOVE = YES;
				CLANG_WARN_UNREACHABLE_CODE = YES;
				CLANG_WARN__DUPLICATE_METHOD_MATCH = YES;
				CODE_SIGN_IDENTITY = "-";
				COPY_PHASE_STRIP = NO;
				DEBUG_INFORMATION_FORMAT = dwarf;
				ENABLE_STRICT_OBJC_MSGSEND = YES;
				ENABLE_TESTABILITY = YES;
				GCC_C_LANGUAGE_STANDARD = gnu99;
				GCC_DYNAMIC_NO_PIC = NO;
				GCC_NO_COMMON_BLOCKS = YES;
				GCC_OPTIMIZATION_LEVEL = 0;
				GCC_PREPROCESSOR_DEFINITIONS = (
					"DEBUG=1",
					"$(inherited)",
				);
				GCC_WARN_64_TO_32_BIT_CONVERSION = YES;
				GCC_WARN_ABOUT_RETURN_TYPE = YES_ERROR;
				GCC_WARN_UNDECLARED_SELECTOR = YES;
				GCC_WARN_UNINITIALIZED_AUTOS = YES_AGGRESSIVE;
				GCC_WARN_UNUSED_FUNCTION = YES;
				GCC_WARN_UNUSED_VARIABLE = YES;
				MACOSX_DEPLOYMENT_TARGET = 10.12;
				MTL_ENABLE_DEBUG_INFO = YES;
				ONLY_ACTIVE_ARCH = YES;
				SDKROOT = macosx;
				SWIFT_ACTIVE_COMPILATION_CONDITIONS = DEBUG;
				SWIFT_OPTIMIZATION_LEVEL = "-Onone";
			};
			name = Debug;
		};
		EF89CDE61E4A853D00D87365 /* Release */ = {
			isa = XCBuildConfiguration;
			buildSettings = {
				ALWAYS_SEARCH_USER_PATHS = NO;
				CLANG_ANALYZER_NONNULL = YES;
				CLANG_CXX_LANGUAGE_STANDARD = "gnu++0x";
				CLANG_CXX_LIBRARY = "libc++";
				CLANG_ENABLE_MODULES = YES;
				CLANG_ENABLE_OBJC_ARC = YES;
				CLANG_WARN_BLOCK_CAPTURE_AUTORELEASING = YES;
				CLANG_WARN_BOOL_CONVERSION = YES;
				CLANG_WARN_COMMA = YES;
				CLANG_WARN_CONSTANT_CONVERSION = YES;
				CLANG_WARN_DEPRECATED_OBJC_IMPLEMENTATIONS = YES;
				CLANG_WARN_DIRECT_OBJC_ISA_USAGE = YES_ERROR;
				CLANG_WARN_DOCUMENTATION_COMMENTS = YES;
				CLANG_WARN_EMPTY_BODY = YES;
				CLANG_WARN_ENUM_CONVERSION = YES;
				CLANG_WARN_INFINITE_RECURSION = YES;
				CLANG_WARN_INT_CONVERSION = YES;
				CLANG_WARN_NON_LITERAL_NULL_CONVERSION = YES;
				CLANG_WARN_OBJC_IMPLICIT_RETAIN_SELF = YES;
				CLANG_WARN_OBJC_LITERAL_CONVERSION = YES;
				CLANG_WARN_OBJC_ROOT_CLASS = YES_ERROR;
				CLANG_WARN_RANGE_LOOP_ANALYSIS = YES;
				CLANG_WARN_STRICT_PROTOTYPES = YES;
				CLANG_WARN_SUSPICIOUS_MOVE = YES;
				CLANG_WARN_UNREACHABLE_CODE = YES;
				CLANG_WARN__DUPLICATE_METHOD_MATCH = YES;
				CODE_SIGN_IDENTITY = "-";
				COPY_PHASE_STRIP = NO;
				DEBUG_INFORMATION_FORMAT = "dwarf-with-dsym";
				ENABLE_NS_ASSERTIONS = NO;
				ENABLE_STRICT_OBJC_MSGSEND = YES;
				GCC_C_LANGUAGE_STANDARD = gnu99;
				GCC_NO_COMMON_BLOCKS = YES;
				GCC_WARN_64_TO_32_BIT_CONVERSION = YES;
				GCC_WARN_ABOUT_RETURN_TYPE = YES_ERROR;
				GCC_WARN_UNDECLARED_SELECTOR = YES;
				GCC_WARN_UNINITIALIZED_AUTOS = YES_AGGRESSIVE;
				GCC_WARN_UNUSED_FUNCTION = YES;
				GCC_WARN_UNUSED_VARIABLE = YES;
				MACOSX_DEPLOYMENT_TARGET = 10.12;
				MTL_ENABLE_DEBUG_INFO = NO;
				SDKROOT = macosx;
				SWIFT_OPTIMIZATION_LEVEL = "-Owholemodule";
			};
			name = Release;
		};
		EF89CDE81E4A853D00D87365 /* Debug */ = {
			isa = XCBuildConfiguration;
			baseConfigurationReference = 19092C2F28F897263B138CCB /* Pods-iPromoz.debug.xcconfig */;
			buildSettings = {
				ASSETCATALOG_COMPILER_APPICON_NAME = AppIcon;
				COMBINE_HIDPI_IMAGES = YES;
				DEVELOPMENT_TEAM = 9JYSF3CQXK;
				INFOPLIST_FILE = iPromoz/Info.plist;
				LD_RUNPATH_SEARCH_PATHS = "$(inherited) @executable_path/../Frameworks";
				PRODUCT_BUNDLE_IDENTIFIER = com.endenis.iPromoz;
				PRODUCT_NAME = "$(TARGET_NAME)";
				SWIFT_SWIFT3_OBJC_INFERENCE = On;
				SWIFT_VERSION = 4.0;
			};
			name = Debug;
		};
		EF89CDE91E4A853D00D87365 /* Release */ = {
			isa = XCBuildConfiguration;
			baseConfigurationReference = 182D8173BCF27CA8C711C2CF /* Pods-iPromoz.release.xcconfig */;
			buildSettings = {
				ASSETCATALOG_COMPILER_APPICON_NAME = AppIcon;
				COMBINE_HIDPI_IMAGES = YES;
				DEVELOPMENT_TEAM = 9JYSF3CQXK;
				INFOPLIST_FILE = iPromoz/Info.plist;
				LD_RUNPATH_SEARCH_PATHS = "$(inherited) @executable_path/../Frameworks";
				PRODUCT_BUNDLE_IDENTIFIER = com.endenis.iPromoz;
				PRODUCT_NAME = "$(TARGET_NAME)";
				SWIFT_SWIFT3_OBJC_INFERENCE = On;
				SWIFT_VERSION = 4.0;
			};
			name = Release;
		};
		EF89CDEB1E4A853D00D87365 /* Debug */ = {
			isa = XCBuildConfiguration;
			buildSettings = {
				ALWAYS_EMBED_SWIFT_STANDARD_LIBRARIES = YES;
				BUNDLE_LOADER = "$(TEST_HOST)";
				COMBINE_HIDPI_IMAGES = YES;
				INFOPLIST_FILE = iPromozTests/Info.plist;
				LD_RUNPATH_SEARCH_PATHS = "$(inherited) @executable_path/../Frameworks @loader_path/../Frameworks";
				PRODUCT_BUNDLE_IDENTIFIER = com.endenis.iPromozTests;
				PRODUCT_NAME = "$(TARGET_NAME)";
				SWIFT_SWIFT3_OBJC_INFERENCE = On;
				SWIFT_VERSION = 4.0;
				TEST_HOST = "$(BUILT_PRODUCTS_DIR)/iPromoz.app/Contents/MacOS/iPromoz";
			};
			name = Debug;
		};
		EF89CDEC1E4A853D00D87365 /* Release */ = {
			isa = XCBuildConfiguration;
			buildSettings = {
				ALWAYS_EMBED_SWIFT_STANDARD_LIBRARIES = YES;
				BUNDLE_LOADER = "$(TEST_HOST)";
				COMBINE_HIDPI_IMAGES = YES;
				INFOPLIST_FILE = iPromozTests/Info.plist;
				LD_RUNPATH_SEARCH_PATHS = "$(inherited) @executable_path/../Frameworks @loader_path/../Frameworks";
				PRODUCT_BUNDLE_IDENTIFIER = com.endenis.iPromozTests;
				PRODUCT_NAME = "$(TARGET_NAME)";
				SWIFT_SWIFT3_OBJC_INFERENCE = On;
				SWIFT_VERSION = 4.0;
				TEST_HOST = "$(BUILT_PRODUCTS_DIR)/iPromoz.app/Contents/MacOS/iPromoz";
			};
			name = Release;
		};
/* End XCBuildConfiguration section */

/* Begin XCConfigurationList section */
		EF89CDC81E4A853D00D87365 /* Build configuration list for PBXProject "iPromoz" */ = {
			isa = XCConfigurationList;
			buildConfigurations = (
				EF89CDE51E4A853D00D87365 /* Debug */,
				EF89CDE61E4A853D00D87365 /* Release */,
			);
			defaultConfigurationIsVisible = 0;
			defaultConfigurationName = Release;
		};
		EF89CDE71E4A853D00D87365 /* Build configuration list for PBXNativeTarget "iPromoz" */ = {
			isa = XCConfigurationList;
			buildConfigurations = (
				EF89CDE81E4A853D00D87365 /* Debug */,
				EF89CDE91E4A853D00D87365 /* Release */,
			);
			defaultConfigurationIsVisible = 0;
			defaultConfigurationName = Release;
		};
		EF89CDEA1E4A853D00D87365 /* Build configuration list for PBXNativeTarget "iPromozTests" */ = {
			isa = XCConfigurationList;
			buildConfigurations = (
				EF89CDEB1E4A853D00D87365 /* Debug */,
				EF89CDEC1E4A853D00D87365 /* Release */,
			);
			defaultConfigurationIsVisible = 0;
			defaultConfigurationName = Release;
		};
/* End XCConfigurationList section */
	};
	rootObject = EF89CDC51E4A853D00D87365 /* Project object */;
}
